
Microsoft Visual Studio Solution File, Format Version 12.00
# Visual Studio Version 17
VisualStudioVersion = 17.4.33205.214
MinimumVisualStudioVersion = 10.0.40219.1
Project("{FAE04EC0-301F-11D3-BF4B-00C04F79EFBC}") = "Course", "WindowsFormsApp17\Course.csproj", "{3932654F-A71C-4C41-8CA6-2F5DEA121894}"
EndProject
Global
	GlobalSection(SolutionConfigurationPlatforms) = preSolution
		Debug|Any CPU = Debug|Any CPU
		Release|Any CPU = Release|Any CPU
	EndGlobalSection
	GlobalSection(ProjectConfigurationPlatforms) = postSolution
		{3932654F-A71C-4C41-8CA6-2F5DEA121894}.Debug|Any CPU.ActiveCfg = Debug|Any CPU
		{3932654F-A71C-4C41-8CA6-2F5DEA121894}.Debug|Any CPU.Build.0 = Debug|Any CPU
		{3932654F-A71C-4C41-8CA6-2F5DEA121894}.Release|Any CPU.ActiveCfg = Release|Any CPU
		{3932654F-A71C-4C41-8CA6-2F5DEA121894}.Release|Any CPU.Build.0 = Release|Any CPU
	EndGlobalSection
	GlobalSection(SolutionProperties) = preSolution
		HideSolutionNode = FALSE
	EndGlobalSection
	GlobalSection(ExtensibilityGlobals) = postSolution
		SolutionGuid = {AA07D5C9-ED48-4F27-8729-B1977DBBE59C}
	EndGlobalSection
EndGlobal
